
Microsoft Visual Studio Solution File, Format Version 12.00
# Visual Studio 15
VisualStudioVersion = 15.0.27130.2026
MinimumVisualStudioVersion = 10.0.40219.1
Project("{FAE04EC0-301F-11D3-BF4B-00C04F79EFBC}") = "calc", "calc.csproj", "{568C9EF3-25F8-4756-B34F-2A6E27D79692}"
EndProject
Global
	GlobalSection(SolutionConfigurationPlatforms) = preSolution
		Debug|Any CPU = Debug|Any CPU
		Release|Any CPU = Release|Any CPU
	EndGlobalSection
	GlobalSection(ProjectConfigurationPlatforms) = postSolution
		{568C9EF3-25F8-4756-B34F-2A6E27D79692}.Debug|Any CPU.ActiveCfg = Debug|Any CPU
		{568C9EF3-25F8-4756-B34F-2A6E27D79692}.Debug|Any CPU.Build.0 = Debug|Any CPU
		{568C9EF3-25F8-4756-B34F-2A6E27D79692}.Release|Any CPU.ActiveCfg = Release|Any CPU
		{568C9EF3-25F8-4756-B34F-2A6E27D79692}.Release|Any CPU.Build.0 = Release|Any CPU
	EndGlobalSection
	GlobalSection(SolutionProperties) = preSolution
		HideSolutionNode = FALSE
	EndGlobalSection
	GlobalSection(ExtensibilityGlobals) = postSolution
		SolutionGuid = {5208F1B3-F80E-4710-875D-1745F987145E}
	EndGlobalSection
EndGlobal
